
Microsoft Visual Studio Solution File, Format Version 12.00
# Visual Studio Version 17
VisualStudioVersion = 17.6.33723.286
MinimumVisualStudioVersion = 10.0.40219.1
Project("{FAE04EC0-301F-11D3-BF4B-00C04F79EFBC}") = "PatientApi", "PatientApi\PatientApi.csproj", "{C5BBAC84-268C-4148-9AFF-F5E277ED9798}"
EndProject
Global
	GlobalSection(SolutionConfigurationPlatforms) = preSolution
		Debug|Any CPU = Debug|Any CPU
		Release|Any CPU = Release|Any CPU
	EndGlobalSection
	GlobalSection(ProjectConfigurationPlatforms) = postSolution
		{C5BBAC84-268C-4148-9AFF-F5E277ED9798}.Debug|Any CPU.ActiveCfg = Debug|Any CPU
		{C5BBAC84-268C-4148-9AFF-F5E277ED9798}.Debug|Any CPU.Build.0 = Debug|Any CPU
		{C5BBAC84-268C-4148-9AFF-F5E277ED9798}.Release|Any CPU.ActiveCfg = Release|Any CPU
		{C5BBAC84-268C-4148-9AFF-F5E277ED9798}.Release|Any CPU.Build.0 = Release|Any CPU
	EndGlobalSection
	GlobalSection(SolutionProperties) = preSolution
		HideSolutionNode = FALSE
	EndGlobalSection
	GlobalSection(ExtensibilityGlobals) = postSolution
		SolutionGuid = {08BA9E76-D47D-49E2-A184-E012382E6E8B}
	EndGlobalSection
EndGlobal
